
Microsoft Visual Studio Solution File, Format Version 12.00
# Visual Studio Version 16
VisualStudioVersion = 16.0.31624.102
MinimumVisualStudioVersion = 10.0.40219.1
Project("{FAE04EC0-301F-11D3-BF4B-00C04F79EFBC}") = "domashka", "domashka\domashka.csproj", "{43EA5F35-06F0-4905-AC00-D73A4603486B}"
EndProject
Global
	GlobalSection(SolutionConfigurationPlatforms) = preSolution
		Debug|Any CPU = Debug|Any CPU
		Release|Any CPU = Release|Any CPU
	EndGlobalSection
	GlobalSection(ProjectConfigurationPlatforms) = postSolution
		{43EA5F35-06F0-4905-AC00-D73A4603486B}.Debug|Any CPU.ActiveCfg = Debug|Any CPU
		{43EA5F35-06F0-4905-AC00-D73A4603486B}.Debug|Any CPU.Build.0 = Debug|Any CPU
		{43EA5F35-06F0-4905-AC00-D73A4603486B}.Release|Any CPU.ActiveCfg = Release|Any CPU
		{43EA5F35-06F0-4905-AC00-D73A4603486B}.Release|Any CPU.Build.0 = Release|Any CPU
	EndGlobalSection
	GlobalSection(SolutionProperties) = preSolution
		HideSolutionNode = FALSE
	EndGlobalSection
	GlobalSection(ExtensibilityGlobals) = postSolution
		SolutionGuid = {ECBC7848-0EFE-44DC-8831-7D6C656AA3F1}
	EndGlobalSection
EndGlobal
